
Microsoft Visual Studio Solution File, Format Version 12.00
# Visual Studio Version 17
VisualStudioVersion = 17.14.36301.6 d17.14
MinimumVisualStudioVersion = 10.0.40219.1
Project("{FAE04EC0-301F-11D3-BF4B-00C04F79EFBC}") = "CS Basics Assignment 04", "CS Basics Assignment 04\CS Basics Assignment 04.csproj", "{2160DDBF-D750-4D77-9E7A-E5AA356AA89A}"
EndProject
Global
	GlobalSection(SolutionConfigurationPlatforms) = preSolution
		Debug|Any CPU = Debug|Any CPU
		Release|Any CPU = Release|Any CPU
	EndGlobalSection
	GlobalSection(ProjectConfigurationPlatforms) = postSolution
		{2160DDBF-D750-4D77-9E7A-E5AA356AA89A}.Debug|Any CPU.ActiveCfg = Debug|Any CPU
		{2160DDBF-D750-4D77-9E7A-E5AA356AA89A}.Debug|Any CPU.Build.0 = Debug|Any CPU
		{2160DDBF-D750-4D77-9E7A-E5AA356AA89A}.Release|Any CPU.ActiveCfg = Release|Any CPU
		{2160DDBF-D750-4D77-9E7A-E5AA356AA89A}.Release|Any CPU.Build.0 = Release|Any CPU
	EndGlobalSection
	GlobalSection(SolutionProperties) = preSolution
		HideSolutionNode = FALSE
	EndGlobalSection
	GlobalSection(ExtensibilityGlobals) = postSolution
		SolutionGuid = {E5E9F658-ADEE-4E98-A224-556019DC6934}
	EndGlobalSection
EndGlobal
