
Microsoft Visual Studio Solution File, Format Version 12.00
# Visual Studio Version 17
VisualStudioVersion = 17.14.36301.6 d17.14
MinimumVisualStudioVersion = 10.0.40219.1
Project("{FAE04EC0-301F-11D3-BF4B-00C04F79EFBC}") = "C# Basics Session 04 Demo", "C# Basics Session 04 Demo\C# Basics Session 04 Demo.csproj", "{C23018B4-6D54-4E97-8311-5D9381AAEAB9}"
EndProject
Global
	GlobalSection(SolutionConfigurationPlatforms) = preSolution
		Debug|Any CPU = Debug|Any CPU
		Release|Any CPU = Release|Any CPU
	EndGlobalSection
	GlobalSection(ProjectConfigurationPlatforms) = postSolution
		{C23018B4-6D54-4E97-8311-5D9381AAEAB9}.Debug|Any CPU.ActiveCfg = Debug|Any CPU
		{C23018B4-6D54-4E97-8311-5D9381AAEAB9}.Debug|Any CPU.Build.0 = Debug|Any CPU
		{C23018B4-6D54-4E97-8311-5D9381AAEAB9}.Release|Any CPU.ActiveCfg = Release|Any CPU
		{C23018B4-6D54-4E97-8311-5D9381AAEAB9}.Release|Any CPU.Build.0 = Release|Any CPU
	EndGlobalSection
	GlobalSection(SolutionProperties) = preSolution
		HideSolutionNode = FALSE
	EndGlobalSection
	GlobalSection(ExtensibilityGlobals) = postSolution
		SolutionGuid = {980ADC6D-9CB5-475C-A91B-A1542AD0363B}
	EndGlobalSection
EndGlobal
